// !$*UTF8*$!
{
	archiveVersion = 1;
	classes = {
	};
	objectVersion = 56;
	objects = {

/* Begin PBXBuildFile section */
		A56971812B0B103E00C5B193 /* ExpensesTableViewController.swift in Sources */ = {isa = PBXBuildFile; fileRef = A56971802B0B103E00C5B193 /* ExpensesTableViewController.swift */; };
		A56971832B0B106C00C5B193 /* MainViewController.swift in Sources */ = {isa = PBXBuildFile; fileRef = A56971822B0B106C00C5B193 /* MainViewController.swift */; };
		A56971852B0B109E00C5B193 /* ExpenseViewController.swift in Sources */ = {isa = PBXBuildFile; fileRef = A56971842B0B109E00C5B193 /* ExpenseViewController.swift */; };
		A56971882B0D208100C5B193 /* MainViewModel.swift in Sources */ = {isa = PBXBuildFile; fileRef = A56971872B0D208100C5B193 /* MainViewModel.swift */; };
		A569718A2B0E4D7000C5B193 /* CheckBox.swift in Sources */ = {isa = PBXBuildFile; fileRef = A56971892B0E4D7000C5B193 /* CheckBox.swift */; };
		A569718C2B11A21900C5B193 /* VehicleView.swift in Sources */ = {isa = PBXBuildFile; fileRef = A569718B2B11A21900C5B193 /* VehicleView.swift */; };
		A56971912B11A6B700C5B193 /* DataModels.swift in Sources */ = {isa = PBXBuildFile; fileRef = A56971902B11A6B700C5B193 /* DataModels.swift */; };
		A56971932B13F84C00C5B193 /* NewVehicleViewController.swift in Sources */ = {isa = PBXBuildFile; fileRef = A56971922B13F84C00C5B193 /* NewVehicleViewController.swift */; };
		A56971952B140D1B00C5B193 /* TVViewController.swift in Sources */ = {isa = PBXBuildFile; fileRef = A56971942B140D1B00C5B193 /* TVViewController.swift */; };
		A569719A2B142F7800C5B193 /* Vehicle+CoreDataClass.swift in Sources */ = {isa = PBXBuildFile; fileRef = A56971962B142F7800C5B193 /* Vehicle+CoreDataClass.swift */; };
		A569719B2B142F7800C5B193 /* Vehicle+CoreDataProperties.swift in Sources */ = {isa = PBXBuildFile; fileRef = A56971972B142F7800C5B193 /* Vehicle+CoreDataProperties.swift */; };
		A569719C2B142F7800C5B193 /* Expense+CoreDataClass.swift in Sources */ = {isa = PBXBuildFile; fileRef = A56971982B142F7800C5B193 /* Expense+CoreDataClass.swift */; };
		A569719D2B142F7800C5B193 /* Expense+CoreDataProperties.swift in Sources */ = {isa = PBXBuildFile; fileRef = A56971992B142F7800C5B193 /* Expense+CoreDataProperties.swift */; };
		A569719F2B15334E00C5B193 /* TabViewController.swift in Sources */ = {isa = PBXBuildFile; fileRef = A569719E2B15334E00C5B193 /* TabViewController.swift */; };
		A56971A12B158D4200C5B193 /* VehicleCellView.swift in Sources */ = {isa = PBXBuildFile; fileRef = A56971A02B158D4200C5B193 /* VehicleCellView.swift */; };
		A5A2BA7C2B0ABF8000CA1328 /* AppDelegate.swift in Sources */ = {isa = PBXBuildFile; fileRef = A5A2BA7B2B0ABF8000CA1328 /* AppDelegate.swift */; };
		A5A2BA7E2B0ABF8000CA1328 /* SceneDelegate.swift in Sources */ = {isa = PBXBuildFile; fileRef = A5A2BA7D2B0ABF8000CA1328 /* SceneDelegate.swift */; };
		A5A2BA802B0ABF8000CA1328 /* VehiclesViewController.swift in Sources */ = {isa = PBXBuildFile; fileRef = A5A2BA7F2B0ABF8000CA1328 /* VehiclesViewController.swift */; };
		A5A2BA852B0ABF8200CA1328 /* Assets.xcassets in Resources */ = {isa = PBXBuildFile; fileRef = A5A2BA842B0ABF8200CA1328 /* Assets.xcassets */; };
		A5A2BA882B0ABF8200CA1328 /* LaunchScreen.storyboard in Resources */ = {isa = PBXBuildFile; fileRef = A5A2BA862B0ABF8200CA1328 /* LaunchScreen.storyboard */; };
		A5A2BA982B0AC73000CA1328 /* Autountant.xcdatamodeld in Sources */ = {isa = PBXBuildFile; fileRef = A5A2BA962B0AC73000CA1328 /* Autountant.xcdatamodeld */; };
		A5A2BAB22B0AEB3400CA1328 /* DataManager.swift in Sources */ = {isa = PBXBuildFile; fileRef = A5A2BAB12B0AEB3400CA1328 /* DataManager.swift */; };
		A5F78CC82B15937C009A1227 /* VehicleTableViewCell.swift in Sources */ = {isa = PBXBuildFile; fileRef = A5F78CC72B15937C009A1227 /* VehicleTableViewCell.swift */; };
/* End PBXBuildFile section */

/* Begin PBXFileReference section */
		A56971802B0B103E00C5B193 /* ExpensesTableViewController.swift */ = {isa = PBXFileReference; lastKnownFileType = sourcecode.swift; path = ExpensesTableViewController.swift; sourceTree = "<group>"; };
		A56971822B0B106C00C5B193 /* MainViewController.swift */ = {isa = PBXFileReference; lastKnownFileType = sourcecode.swift; path = MainViewController.swift; sourceTree = "<group>"; };
		A56971842B0B109E00C5B193 /* ExpenseViewController.swift */ = {isa = PBXFileReference; lastKnownFileType = sourcecode.swift; path = ExpenseViewController.swift; sourceTree = "<group>"; };
		A56971872B0D208100C5B193 /* MainViewModel.swift */ = {isa = PBXFileReference; lastKnownFileType = sourcecode.swift; path = MainViewModel.swift; sourceTree = "<group>"; };
		A56971892B0E4D7000C5B193 /* CheckBox.swift */ = {isa = PBXFileReference; lastKnownFileType = sourcecode.swift; path = CheckBox.swift; sourceTree = "<group>"; };
		A569718B2B11A21900C5B193 /* VehicleView.swift */ = {isa = PBXFileReference; lastKnownFileType = sourcecode.swift; path = VehicleView.swift; sourceTree = "<group>"; };
		A56971902B11A6B700C5B193 /* DataModels.swift */ = {isa = PBXFileReference; lastKnownFileType = sourcecode.swift; path = DataModels.swift; sourceTree = "<group>"; };
		A56971922B13F84C00C5B193 /* NewVehicleViewController.swift */ = {isa = PBXFileReference; lastKnownFileType = sourcecode.swift; path = NewVehicleViewController.swift; sourceTree = "<group>"; };
		A56971942B140D1B00C5B193 /* TVViewController.swift */ = {isa = PBXFileReference; lastKnownFileType = sourcecode.swift; path = TVViewController.swift; sourceTree = "<group>"; };
		A56971962B142F7800C5B193 /* Vehicle+CoreDataClass.swift */ = {isa = PBXFileReference; lastKnownFileType = sourcecode.swift; path = "Vehicle+CoreDataClass.swift"; sourceTree = "<group>"; };
		A56971972B142F7800C5B193 /* Vehicle+CoreDataProperties.swift */ = {isa = PBXFileReference; lastKnownFileType = sourcecode.swift; path = "Vehicle+CoreDataProperties.swift"; sourceTree = "<group>"; };
		A56971982B142F7800C5B193 /* Expense+CoreDataClass.swift */ = {isa = PBXFileReference; lastKnownFileType = sourcecode.swift; path = "Expense+CoreDataClass.swift"; sourceTree = "<group>"; };
		A56971992B142F7800C5B193 /* Expense+CoreDataProperties.swift */ = {isa = PBXFileReference; lastKnownFileType = sourcecode.swift; path = "Expense+CoreDataProperties.swift"; sourceTree = "<group>"; };
		A569719E2B15334E00C5B193 /* TabViewController.swift */ = {isa = PBXFileReference; lastKnownFileType = sourcecode.swift; path = TabViewController.swift; sourceTree = "<group>"; };
		A56971A02B158D4200C5B193 /* VehicleCellView.swift */ = {isa = PBXFileReference; lastKnownFileType = sourcecode.swift; path = VehicleCellView.swift; sourceTree = "<group>"; };
		A5A2BA782B0ABF8000CA1328 /* Autountant.app */ = {isa = PBXFileReference; explicitFileType = wrapper.application; includeInIndex = 0; path = Autountant.app; sourceTree = BUILT_PRODUCTS_DIR; };
		A5A2BA7B2B0ABF8000CA1328 /* AppDelegate.swift */ = {isa = PBXFileReference; lastKnownFileType = sourcecode.swift; path = AppDelegate.swift; sourceTree = "<group>"; };
		A5A2BA7D2B0ABF8000CA1328 /* SceneDelegate.swift */ = {isa = PBXFileReference; lastKnownFileType = sourcecode.swift; path = SceneDelegate.swift; sourceTree = "<group>"; };
		A5A2BA7F2B0ABF8000CA1328 /* VehiclesViewController.swift */ = {isa = PBXFileReference; lastKnownFileType = sourcecode.swift; path = VehiclesViewController.swift; sourceTree = "<group>"; };
		A5A2BA842B0ABF8200CA1328 /* Assets.xcassets */ = {isa = PBXFileReference; lastKnownFileType = folder.assetcatalog; path = Assets.xcassets; sourceTree = "<group>"; };
		A5A2BA872B0ABF8200CA1328 /* Base */ = {isa = PBXFileReference; lastKnownFileType = file.storyboard; name = Base; path = Base.lproj/LaunchScreen.storyboard; sourceTree = "<group>"; };
		A5A2BA892B0ABF8200CA1328 /* Info.plist */ = {isa = PBXFileReference; lastKnownFileType = text.plist.xml; path = Info.plist; sourceTree = "<group>"; };
		A5A2BA972B0AC73000CA1328 /* Autountant.xcdatamodel */ = {isa = PBXFileReference; lastKnownFileType = wrapper.xcdatamodel; path = Autountant.xcdatamodel; sourceTree = "<group>"; };
		A5A2BAB12B0AEB3400CA1328 /* DataManager.swift */ = {isa = PBXFileReference; lastKnownFileType = sourcecode.swift; path = DataManager.swift; sourceTree = "<group>"; };
		A5F78CC72B15937C009A1227 /* VehicleTableViewCell.swift */ = {isa = PBXFileReference; lastKnownFileType = sourcecode.swift; path = VehicleTableViewCell.swift; sourceTree = "<group>"; };
/* End PBXFileReference section */

/* Begin PBXFrameworksBuildPhase section */
		A5A2BA752B0ABF8000CA1328 /* Frameworks */ = {
			isa = PBXFrameworksBuildPhase;
			buildActionMask = 2147483647;
			files = (
			);
			runOnlyForDeploymentPostprocessing = 0;
		};
/* End PBXFrameworksBuildPhase section */

/* Begin PBXGroup section */
		A56971862B0D205E00C5B193 /* Model View */ = {
			isa = PBXGroup;
			children = (
				A56971872B0D208100C5B193 /* MainViewModel.swift */,
				A569718B2B11A21900C5B193 /* VehicleView.swift */,
				A56971A02B158D4200C5B193 /* VehicleCellView.swift */,
				A5F78CC72B15937C009A1227 /* VehicleTableViewCell.swift */,
			);
			path = "Model View";
			sourceTree = "<group>";
		};
		A569718F2B11A69A00C5B193 /* Data models */ = {
			isa = PBXGroup;
			children = (
				A56971902B11A6B700C5B193 /* DataModels.swift */,
			);
			path = "Data models";
			sourceTree = "<group>";
		};
		A5A2BA6F2B0ABF8000CA1328 = {
			isa = PBXGroup;
			children = (
				A5A2BA7A2B0ABF8000CA1328 /* Autountant */,
				A5A2BA792B0ABF8000CA1328 /* Products */,
			);
			sourceTree = "<group>";
		};
		A5A2BA792B0ABF8000CA1328 /* Products */ = {
			isa = PBXGroup;
			children = (
				A5A2BA782B0ABF8000CA1328 /* Autountant.app */,
			);
			name = Products;
			sourceTree = "<group>";
		};
		A5A2BA7A2B0ABF8000CA1328 /* Autountant */ = {
			isa = PBXGroup;
			children = (
				A56971862B0D205E00C5B193 /* Model View */,
				A5A2BAAF2B0AEAE100CA1328 /* Controller */,
				A5A2BAAE2B0AEAD200CA1328 /* View */,
				A5A2BAAD2B0AEAC900CA1328 /* Model */,
				A5A2BA7B2B0ABF8000CA1328 /* AppDelegate.swift */,
				A5A2BA7D2B0ABF8000CA1328 /* SceneDelegate.swift */,
				A5A2BA842B0ABF8200CA1328 /* Assets.xcassets */,
				A5A2BA862B0ABF8200CA1328 /* LaunchScreen.storyboard */,
				A5A2BA892B0ABF8200CA1328 /* Info.plist */,
				A5A2BA962B0AC73000CA1328 /* Autountant.xcdatamodeld */,
			);
			path = Autountant;
			sourceTree = "<group>";
		};
		A5A2BAAD2B0AEAC900CA1328 /* Model */ = {
			isa = PBXGroup;
			children = (
				A569718F2B11A69A00C5B193 /* Data models */,
				A5A2BAB02B0AEB0800CA1328 /* Entities */,
				A5A2BAB12B0AEB3400CA1328 /* DataManager.swift */,
			);
			path = Model;
			sourceTree = "<group>";
		};
		A5A2BAAE2B0AEAD200CA1328 /* View */ = {
			isa = PBXGroup;
			children = (
				A56971892B0E4D7000C5B193 /* CheckBox.swift */,
			);
			path = View;
			sourceTree = "<group>";
		};
		A5A2BAAF2B0AEAE100CA1328 /* Controller */ = {
			isa = PBXGroup;
			children = (
				A5A2BA7F2B0ABF8000CA1328 /* VehiclesViewController.swift */,
				A56971802B0B103E00C5B193 /* ExpensesTableViewController.swift */,
				A56971822B0B106C00C5B193 /* MainViewController.swift */,
				A56971842B0B109E00C5B193 /* ExpenseViewController.swift */,
				A56971922B13F84C00C5B193 /* NewVehicleViewController.swift */,
				A56971942B140D1B00C5B193 /* TVViewController.swift */,
				A569719E2B15334E00C5B193 /* TabViewController.swift */,
			);
			path = Controller;
			sourceTree = "<group>";
		};
		A5A2BAB02B0AEB0800CA1328 /* Entities */ = {
			isa = PBXGroup;
			children = (
				A56971962B142F7800C5B193 /* Vehicle+CoreDataClass.swift */,
				A56971972B142F7800C5B193 /* Vehicle+CoreDataProperties.swift */,
				A56971982B142F7800C5B193 /* Expense+CoreDataClass.swift */,
				A56971992B142F7800C5B193 /* Expense+CoreDataProperties.swift */,
			);
			path = Entities;
			sourceTree = "<group>";
		};
/* End PBXGroup section */

/* Begin PBXNativeTarget section */
		A5A2BA772B0ABF8000CA1328 /* Autountant */ = {
			isa = PBXNativeTarget;
			buildConfigurationList = A5A2BA8C2B0ABF8200CA1328 /* Build configuration list for PBXNativeTarget "Autountant" */;
			buildPhases = (
				A5A2BA742B0ABF8000CA1328 /* Sources */,
				A5A2BA752B0ABF8000CA1328 /* Frameworks */,
				A5A2BA762B0ABF8000CA1328 /* Resources */,
			);
			buildRules = (
			);
			dependencies = (
			);
			name = Autountant;
			productName = Autountant;
			productReference = A5A2BA782B0ABF8000CA1328 /* Autountant.app */;
			productType = "com.apple.product-type.application";
		};
/* End PBXNativeTarget section */

/* Begin PBXProject section */
		A5A2BA702B0ABF8000CA1328 /* Project object */ = {
			isa = PBXProject;
			attributes = {
				BuildIndependentTargetsInParallel = 1;
				LastSwiftUpdateCheck = 1500;
				LastUpgradeCheck = 1500;
				TargetAttributes = {
					A5A2BA772B0ABF8000CA1328 = {
						CreatedOnToolsVersion = 15.0.1;
					};
				};
			};
			buildConfigurationList = A5A2BA732B0ABF8000CA1328 /* Build configuration list for PBXProject "Autountant" */;
			compatibilityVersion = "Xcode 14.0";
			developmentRegion = en;
			hasScannedForEncodings = 0;
			knownRegions = (
				en,
				Base,
			);
			mainGroup = A5A2BA6F2B0ABF8000CA1328;
			productRefGroup = A5A2BA792B0ABF8000CA1328 /* Products */;
			projectDirPath = "";
			projectRoot = "";
			targets = (
				A5A2BA772B0ABF8000CA1328 /* Autountant */,
			);
		};
/* End PBXProject section */

/* Begin PBXResourcesBuildPhase section */
		A5A2BA762B0ABF8000CA1328 /* Resources */ = {
			isa = PBXResourcesBuildPhase;
			buildActionMask = 2147483647;
			files = (
				A5A2BA882B0ABF8200CA1328 /* LaunchScreen.storyboard in Resources */,
				A5A2BA852B0ABF8200CA1328 /* Assets.xcassets in Resources */,
			);
			runOnlyForDeploymentPostprocessing = 0;
		};
/* End PBXResourcesBuildPhase section */

/* Begin PBXSourcesBuildPhase section */
		A5A2BA742B0ABF8000CA1328 /* Sources */ = {
			isa = PBXSourcesBuildPhase;
			buildActionMask = 2147483647;
			files = (
				A56971832B0B106C00C5B193 /* MainViewController.swift in Sources */,
				A5A2BA802B0ABF8000CA1328 /* VehiclesViewController.swift in Sources */,
				A56971882B0D208100C5B193 /* MainViewModel.swift in Sources */,
				A56971932B13F84C00C5B193 /* NewVehicleViewController.swift in Sources */,
				A56971852B0B109E00C5B193 /* ExpenseViewController.swift in Sources */,
				A5A2BA7C2B0ABF8000CA1328 /* AppDelegate.swift in Sources */,
				A569719A2B142F7800C5B193 /* Vehicle+CoreDataClass.swift in Sources */,
				A56971912B11A6B700C5B193 /* DataModels.swift in Sources */,
				A569719D2B142F7800C5B193 /* Expense+CoreDataProperties.swift in Sources */,
				A5A2BA982B0AC73000CA1328 /* Autountant.xcdatamodeld in Sources */,
				A56971952B140D1B00C5B193 /* TVViewController.swift in Sources */,
				A56971A12B158D4200C5B193 /* VehicleCellView.swift in Sources */,
				A569719C2B142F7800C5B193 /* Expense+CoreDataClass.swift in Sources */,
				A569718A2B0E4D7000C5B193 /* CheckBox.swift in Sources */,
				A5A2BAB22B0AEB3400CA1328 /* DataManager.swift in Sources */,
				A5F78CC82B15937C009A1227 /* VehicleTableViewCell.swift in Sources */,
				A569719B2B142F7800C5B193 /* Vehicle+CoreDataProperties.swift in Sources */,
				A56971812B0B103E00C5B193 /* ExpensesTableViewController.swift in Sources */,
				A569718C2B11A21900C5B193 /* VehicleView.swift in Sources */,
				A5A2BA7E2B0ABF8000CA1328 /* SceneDelegate.swift in Sources */,
				A569719F2B15334E00C5B193 /* TabViewController.swift in Sources */,
			);
			runOnlyForDeploymentPostprocessing = 0;
		};
/* End PBXSourcesBuildPhase section */

/* Begin PBXVariantGroup section */
		A5A2BA862B0ABF8200CA1328 /* LaunchScreen.storyboard */ = {
			isa = PBXVariantGroup;
			children = (
				A5A2BA872B0ABF8200CA1328 /* Base */,
			);
			name = LaunchScreen.storyboard;
			sourceTree = "<group>";
		};
/* End PBXVariantGroup section */

/* Begin XCBuildConfiguration section */
		A5A2BA8A2B0ABF8200CA1328 /* Debug */ = {
			isa = XCBuildConfiguration;
			buildSettings = {
				ALWAYS_SEARCH_USER_PATHS = NO;
				ASSETCATALOG_COMPILER_GENERATE_SWIFT_ASSET_SYMBOL_EXTENSIONS = YES;
				CLANG_ANALYZER_NONNULL = YES;
				CLANG_ANALYZER_NUMBER_OBJECT_CONVERSION = YES_AGGRESSIVE;
				CLANG_CXX_LANGUAGE_STANDARD = "gnu++20";
				CLANG_ENABLE_MODULES = YES;
				CLANG_ENABLE_OBJC_ARC = YES;
				CLANG_ENABLE_OBJC_WEAK = YES;
				CLANG_WARN_BLOCK_CAPTURE_AUTORELEASING = YES;
				CLANG_WARN_BOOL_CONVERSION = YES;
				CLANG_WARN_COMMA = YES;
				CLANG_WARN_CONSTANT_CONVERSION = YES;
				CLANG_WARN_DEPRECATED_OBJC_IMPLEMENTATIONS = YES;
				CLANG_WARN_DIRECT_OBJC_ISA_USAGE = YES_ERROR;
				CLANG_WARN_DOCUMENTATION_COMMENTS = YES;
				CLANG_WARN_EMPTY_BODY = YES;
				CLANG_WARN_ENUM_CONVERSION = YES;
				CLANG_WARN_INFINITE_RECURSION = YES;
				CLANG_WARN_INT_CONVERSION = YES;
				CLANG_WARN_NON_LITERAL_NULL_CONVERSION = YES;
				CLANG_WARN_OBJC_IMPLICIT_RETAIN_SELF = YES;
				CLANG_WARN_OBJC_LITERAL_CONVERSION = YES;
				CLANG_WARN_OBJC_ROOT_CLASS = YES_ERROR;
				CLANG_WARN_QUOTED_INCLUDE_IN_FRAMEWORK_HEADER = YES;
				CLANG_WARN_RANGE_LOOP_ANALYSIS = YES;
				CLANG_WARN_STRICT_PROTOTYPES = YES;
				CLANG_WARN_SUSPICIOUS_MOVE = YES;
				CLANG_WARN_UNGUARDED_AVAILABILITY = YES_AGGRESSIVE;
				CLANG_WARN_UNREACHABLE_CODE = YES;
				CLANG_WARN__DUPLICATE_METHOD_MATCH = YES;
				COPY_PHASE_STRIP = NO;
				DEBUG_INFORMATION_FORMAT = dwarf;
				ENABLE_STRICT_OBJC_MSGSEND = YES;
				ENABLE_TESTABILITY = YES;
				ENABLE_USER_SCRIPT_SANDBOXING = YES;
				GCC_C_LANGUAGE_STANDARD = gnu17;
				GCC_DYNAMIC_NO_PIC = NO;
				GCC_NO_COMMON_BLOCKS = YES;
				GCC_OPTIMIZATION_LEVEL = 0;
				GCC_PREPROCESSOR_DEFINITIONS = (
					"DEBUG=1",
					"$(inherited)",
				);
				GCC_WARN_64_TO_32_BIT_CONVERSION = YES;
				GCC_WARN_ABOUT_RETURN_TYPE = YES_ERROR;
				GCC_WARN_UNDECLARED_SELECTOR = YES;
				GCC_WARN_UNINITIALIZED_AUTOS = YES_AGGRESSIVE;
				GCC_WARN_UNUSED_FUNCTION = YES;
				GCC_WARN_UNUSED_VARIABLE = YES;
				IPHONEOS_DEPLOYMENT_TARGET = 17.0;
				LOCALIZATION_PREFERS_STRING_CATALOGS = YES;
				MTL_ENABLE_DEBUG_INFO = INCLUDE_SOURCE;
				MTL_FAST_MATH = YES;
				ONLY_ACTIVE_ARCH = YES;
				SDKROOT = iphoneos;
				SWIFT_ACTIVE_COMPILATION_CONDITIONS = "DEBUG $(inherited)";
				SWIFT_OPTIMIZATION_LEVEL = "-Onone";
			};
			name = Debug;
		};
		A5A2BA8B2B0ABF8200CA1328 /* Release */ = {
			isa = XCBuildConfiguration;
			buildSettings = {
				ALWAYS_SEARCH_USER_PATHS = NO;
				ASSETCATALOG_COMPILER_GENERATE_SWIFT_ASSET_SYMBOL_EXTENSIONS = YES;
				CLANG_ANALYZER_NONNULL = YES;
				CLANG_ANALYZER_NUMBER_OBJECT_CONVERSION = YES_AGGRESSIVE;
				CLANG_CXX_LANGUAGE_STANDARD = "gnu++20";
				CLANG_ENABLE_MODULES = YES;
				CLANG_ENABLE_OBJC_ARC = YES;
				CLANG_ENABLE_OBJC_WEAK = YES;
				CLANG_WARN_BLOCK_CAPTURE_AUTORELEASING = YES;
				CLANG_WARN_BOOL_CONVERSION = YES;
				CLANG_WARN_COMMA = YES;
				CLANG_WARN_CONSTANT_CONVERSION = YES;
				CLANG_WARN_DEPRECATED_OBJC_IMPLEMENTATIONS = YES;
				CLANG_WARN_DIRECT_OBJC_ISA_USAGE = YES_ERROR;
				CLANG_WARN_DOCUMENTATION_COMMENTS = YES;
				CLANG_WARN_EMPTY_BODY = YES;
				CLANG_WARN_ENUM_CONVERSION = YES;
				CLANG_WARN_INFINITE_RECURSION = YES;
				CLANG_WARN_INT_CONVERSION = YES;
				CLANG_WARN_NON_LITERAL_NULL_CONVERSION = YES;
				CLANG_WARN_OBJC_IMPLICIT_RETAIN_SELF = YES;
				CLANG_WARN_OBJC_LITERAL_CONVERSION = YES;
				CLANG_WARN_OBJC_ROOT_CLASS = YES_ERROR;
				CLANG_WARN_QUOTED_INCLUDE_IN_FRAMEWORK_HEADER = YES;
				CLANG_WARN_RANGE_LOOP_ANALYSIS = YES;
				CLANG_WARN_STRICT_PROTOTYPES = YES;
				CLANG_WARN_SUSPICIOUS_MOVE = YES;
				CLANG_WARN_UNGUARDED_AVAILABILITY = YES_AGGRESSIVE;
				CLANG_WARN_UNREACHABLE_CODE = YES;
				CLANG_WARN__DUPLICATE_METHOD_MATCH = YES;
				COPY_PHASE_STRIP = NO;
				DEBUG_INFORMATION_FORMAT = "dwarf-with-dsym";
				ENABLE_NS_ASSERTIONS = NO;
				ENABLE_STRICT_OBJC_MSGSEND = YES;
				ENABLE_USER_SCRIPT_SANDBOXING = YES;
				GCC_C_LANGUAGE_STANDARD = gnu17;
				GCC_NO_COMMON_BLOCKS = YES;
				GCC_WARN_64_TO_32_BIT_CONVERSION = YES;
				GCC_WARN_ABOUT_RETURN_TYPE = YES_ERROR;
				GCC_WARN_UNDECLARED_SELECTOR = YES;
				GCC_WARN_UNINITIALIZED_AUTOS = YES_AGGRESSIVE;
				GCC_WARN_UNUSED_FUNCTION = YES;
				GCC_WARN_UNUSED_VARIABLE = YES;
				IPHONEOS_DEPLOYMENT_TARGET = 17.0;
				LOCALIZATION_PREFERS_STRING_CATALOGS = YES;
				MTL_ENABLE_DEBUG_INFO = NO;
				MTL_FAST_MATH = YES;
				SDKROOT = iphoneos;
				SWIFT_COMPILATION_MODE = wholemodule;
				VALIDATE_PRODUCT = YES;
			};
			name = Release;
		};
		A5A2BA8D2B0ABF8200CA1328 /* Debug */ = {
			isa = XCBuildConfiguration;
			buildSettings = {
				ASSETCATALOG_COMPILER_APPICON_NAME = AppIcon;
				ASSETCATALOG_COMPILER_GLOBAL_ACCENT_COLOR_NAME = AccentColor;
				CODE_SIGN_STYLE = Automatic;
				CURRENT_PROJECT_VERSION = 1;
				DEVELOPMENT_TEAM = 66Q476X4QM;
				GENERATE_INFOPLIST_FILE = YES;
				INFOPLIST_FILE = Autountant/Info.plist;
				INFOPLIST_KEY_UIApplicationSupportsIndirectInputEvents = YES;
				INFOPLIST_KEY_UILaunchStoryboardName = LaunchScreen;
				INFOPLIST_KEY_UISupportedInterfaceOrientations = "UIInterfaceOrientationLandscapeLeft UIInterfaceOrientationLandscapeRight UIInterfaceOrientationPortrait";
				INFOPLIST_KEY_UISupportedInterfaceOrientations_iPad = UIInterfaceOrientationPortrait;
				LD_RUNPATH_SEARCH_PATHS = (
					"$(inherited)",
					"@executable_path/Frameworks",
				);
				MARKETING_VERSION = 1.0;
				PRODUCT_BUNDLE_IDENTIFIER = S.Burdakov.Autountant;
				PRODUCT_NAME = "$(TARGET_NAME)";
				SWIFT_EMIT_LOC_STRINGS = YES;
				SWIFT_VERSION = 5.0;
				TARGETED_DEVICE_FAMILY = "1,2";
			};
			name = Debug;
		};
		A5A2BA8E2B0ABF8200CA1328 /* Release */ = {
			isa = XCBuildConfiguration;
			buildSettings = {
				ASSETCATALOG_COMPILER_APPICON_NAME = AppIcon;
				ASSETCATALOG_COMPILER_GLOBAL_ACCENT_COLOR_NAME = AccentColor;
				CODE_SIGN_STYLE = Automatic;
				CURRENT_PROJECT_VERSION = 1;
				DEVELOPMENT_TEAM = 66Q476X4QM;
				GENERATE_INFOPLIST_FILE = YES;
				INFOPLIST_FILE = Autountant/Info.plist;
				INFOPLIST_KEY_UIApplicationSupportsIndirectInputEvents = YES;
				INFOPLIST_KEY_UILaunchStoryboardName = LaunchScreen;
				INFOPLIST_KEY_UISupportedInterfaceOrientations = "UIInterfaceOrientationLandscapeLeft UIInterfaceOrientationLandscapeRight UIInterfaceOrientationPortrait";
				INFOPLIST_KEY_UISupportedInterfaceOrientations_iPad = UIInterfaceOrientationPortrait;
				LD_RUNPATH_SEARCH_PATHS = (
					"$(inherited)",
					"@executable_path/Frameworks",
				);
				MARKETING_VERSION = 1.0;
				PRODUCT_BUNDLE_IDENTIFIER = S.Burdakov.Autountant;
				PRODUCT_NAME = "$(TARGET_NAME)";
				SWIFT_EMIT_LOC_STRINGS = YES;
				SWIFT_VERSION = 5.0;
				TARGETED_DEVICE_FAMILY = "1,2";
			};
			name = Release;
		};
/* End XCBuildConfiguration section */

/* Begin XCConfigurationList section */
		A5A2BA732B0ABF8000CA1328 /* Build configuration list for PBXProject "Autountant" */ = {
			isa = XCConfigurationList;
			buildConfigurations = (
				A5A2BA8A2B0ABF8200CA1328 /* Debug */,
				A5A2BA8B2B0ABF8200CA1328 /* Release */,
			);
			defaultConfigurationIsVisible = 0;
			defaultConfigurationName = Release;
		};
		A5A2BA8C2B0ABF8200CA1328 /* Build configuration list for PBXNativeTarget "Autountant" */ = {
			isa = XCConfigurationList;
			buildConfigurations = (
				A5A2BA8D2B0ABF8200CA1328 /* Debug */,
				A5A2BA8E2B0ABF8200CA1328 /* Release */,
			);
			defaultConfigurationIsVisible = 0;
			defaultConfigurationName = Release;
		};
/* End XCConfigurationList section */

/* Begin XCVersionGroup section */
		A5A2BA962B0AC73000CA1328 /* Autountant.xcdatamodeld */ = {
			isa = XCVersionGroup;
			children = (
				A5A2BA972B0AC73000CA1328 /* Autountant.xcdatamodel */,
			);
			currentVersion = A5A2BA972B0AC73000CA1328 /* Autountant.xcdatamodel */;
			path = Autountant.xcdatamodeld;
			sourceTree = "<group>";
			versionGroupType = wrapper.xcdatamodel;
		};
/* End XCVersionGroup section */
	};
	rootObject = A5A2BA702B0ABF8000CA1328 /* Project object */;
}
